PODS:
  - Alamofire (4.8.2)
  - Networking (0.1.0):
    - Alamofire (= 4.8.2)

DEPENDENCIES:
  - Networking (from `../`)

SPEC REPOS:
  trunk:
    - Alamofire

EXTERNAL SOURCES:
  Networking:
    :path: "../"

SPEC CHECKSUMS:
  Alamofire: ae5c501addb7afdbb13687d7f2f722c78734c2d3
  Networking: dd5384f4c1a5dcca59d73341b8d1a8c2f6065c99

PODFILE CHECKSUM: 9a8b9cf09d2a585e9fd660a3645290da950ed0a9

COCOAPODS: 1.9.3
